
Microsoft Visual Studio Solution File, Format Version 12.00
# Visual Studio Version 16
VisualStudioVersion = 16.0.29613.14
MinimumVisualStudioVersion = 10.0.40219.1
Project("{8BC9CEB8-8B4A-11D0-8D11-00A0C91BC942}") = "Carbon", "Carbon\Carbon.vcxproj", "{E8AD36BC-8FE0-40AE-A13D-BDC6880BF1FB}"
EndProject
Project("{8BC9CEB8-8B4A-11D0-8D11-00A0C91BC942}") = "Sample", "Sample\Sample.vcxproj", "{B669D7B8-42CB-4D89-A9DF-F81C205E50A5}"
	ProjectSection(ProjectDependencies) = postProject
		{E8AD36BC-8FE0-40AE-A13D-BDC6880BF1FB} = {E8AD36BC-8FE0-40AE-A13D-BDC6880BF1FB}
	EndProjectSection
EndProject
Project("{2150E333-8FDC-42A3-9474-1A3956D46DE8}") = "Solution Items", "Solution Items", "{9EFCAAA3-4E9D-4714-B084-CB4F1A2EF904}"
	ProjectSection(SolutionItems) = preProject
		Conventions.md = Conventions.md
	EndProjectSection
EndProject
Global
	GlobalSection(SolutionConfigurationPlatforms) = preSolution
		Debug|x64 = Debug|x64
		Debug|x86 = Debug|x86
		Release|x64 = Release|x64
		Release|x86 = Release|x86
	EndGlobalSection
	GlobalSection(ProjectConfigurationPlatforms) = postSolution
		{E8AD36BC-8FE0-40AE-A13D-BDC6880BF1FB}.Debug|x64.ActiveCfg = Debug|x64
		{E8AD36BC-8FE0-40AE-A13D-BDC6880BF1FB}.Debug|x64.Build.0 = Debug|x64
		{E8AD36BC-8FE0-40AE-A13D-BDC6880BF1FB}.Debug|x86.ActiveCfg = Debug|Win32
		{E8AD36BC-8FE0-40AE-A13D-BDC6880BF1FB}.Debug|x86.Build.0 = Debug|Win32
		{E8AD36BC-8FE0-40AE-A13D-BDC6880BF1FB}.Release|x64.ActiveCfg = Debug|x64
		{E8AD36BC-8FE0-40AE-A13D-BDC6880BF1FB}.Release|x64.Build.0 = Debug|x64
		{E8AD36BC-8FE0-40AE-A13D-BDC6880BF1FB}.Release|x86.ActiveCfg = Release|Win32
		{E8AD36BC-8FE0-40AE-A13D-BDC6880BF1FB}.Release|x86.Build.0 = Release|Win32
		{B669D7B8-42CB-4D89-A9DF-F81C205E50A5}.Debug|x64.ActiveCfg = Debug|x64
		{B669D7B8-42CB-4D89-A9DF-F81C205E50A5}.Debug|x64.Build.0 = Debug|x64
		{B669D7B8-42CB-4D89-A9DF-F81C205E50A5}.Debug|x86.ActiveCfg = Debug|Win32
		{B669D7B8-42CB-4D89-A9DF-F81C205E50A5}.Debug|x86.Build.0 = Debug|Win32
		{B669D7B8-42CB-4D89-A9DF-F81C205E50A5}.Release|x64.ActiveCfg = Debug|x64
		{B669D7B8-42CB-4D89-A9DF-F81C205E50A5}.Release|x64.Build.0 = Debug|x64
		{B669D7B8-42CB-4D89-A9DF-F81C205E50A5}.Release|x86.ActiveCfg = Release|Win32
		{B669D7B8-42CB-4D89-A9DF-F81C205E50A5}.Release|x86.Build.0 = Release|Win32
	EndGlobalSection
	GlobalSection(SolutionProperties) = preSolution
		HideSolutionNode = FALSE
	EndGlobalSection
	GlobalSection(ExtensibilityGlobals) = postSolution
		SolutionGuid = {EE02B5F6-C70E-4326-BFF0-626E46DB4EB5}
	EndGlobalSection
EndGlobal
